
Microsoft Visual Studio Solution File, Format Version 12.00
# Visual Studio Version 17
VisualStudioVersion = 17.4.33205.214
MinimumVisualStudioVersion = 10.0.40219.1
Project("{FAE04EC0-301F-11D3-BF4B-00C04F79EFBC}") = "122 Selection boxes", "122 Selection boxes.csproj", "{345FAAB8-D323-4755-B7ED-D5C20D03FB72}"
EndProject
Global
	GlobalSection(SolutionConfigurationPlatforms) = preSolution
		Debug|Any CPU = Debug|Any CPU
		Release|Any CPU = Release|Any CPU
	EndGlobalSection
	GlobalSection(ProjectConfigurationPlatforms) = postSolution
		{345FAAB8-D323-4755-B7ED-D5C20D03FB72}.Debug|Any CPU.ActiveCfg = Debug|Any CPU
		{345FAAB8-D323-4755-B7ED-D5C20D03FB72}.Debug|Any CPU.Build.0 = Debug|Any CPU
		{345FAAB8-D323-4755-B7ED-D5C20D03FB72}.Release|Any CPU.ActiveCfg = Release|Any CPU
		{345FAAB8-D323-4755-B7ED-D5C20D03FB72}.Release|Any CPU.Build.0 = Release|Any CPU
	EndGlobalSection
	GlobalSection(SolutionProperties) = preSolution
		HideSolutionNode = FALSE
	EndGlobalSection
	GlobalSection(ExtensibilityGlobals) = postSolution
		SolutionGuid = {B4380F44-EED5-4EDA-83E1-482E17449C46}
	EndGlobalSection
EndGlobal
